
Microsoft Visual Studio Solution File, Format Version 12.00
# Visual Studio Version 17
VisualStudioVersion = 17.11.35327.3
MinimumVisualStudioVersion = 10.0.40219.1
Project("{FAE04EC0-301F-11D3-BF4B-00C04F79EFBC}") = "Vista", "Vista\Vista.csproj", "{BE92A15A-C5A8-4B70-84D7-F4FCCA91FBEC}"
EndProject
Project("{FAE04EC0-301F-11D3-BF4B-00C04F79EFBC}") = "Modelo", "Modelo\Modelo.csproj", "{3BAC0292-9840-474A-9A9D-B357D4DC1F39}"
EndProject
Project("{FAE04EC0-301F-11D3-BF4B-00C04F79EFBC}") = "Controladora", "Controladora\Controladora.csproj", "{044C92FB-F65D-4E78-AC35-1E78555AE53C}"
EndProject
Global
	GlobalSection(SolutionConfigurationPlatforms) = preSolution
		Debug|Any CPU = Debug|Any CPU
		Release|Any CPU = Release|Any CPU
	EndGlobalSection
	GlobalSection(ProjectConfigurationPlatforms) = postSolution
		{BE92A15A-C5A8-4B70-84D7-F4FCCA91FBEC}.Debug|Any CPU.ActiveCfg = Debug|Any CPU
		{BE92A15A-C5A8-4B70-84D7-F4FCCA91FBEC}.Debug|Any CPU.Build.0 = Debug|Any CPU
		{BE92A15A-C5A8-4B70-84D7-F4FCCA91FBEC}.Release|Any CPU.ActiveCfg = Release|Any CPU
		{BE92A15A-C5A8-4B70-84D7-F4FCCA91FBEC}.Release|Any CPU.Build.0 = Release|Any CPU
		{3BAC0292-9840-474A-9A9D-B357D4DC1F39}.Debug|Any CPU.ActiveCfg = Debug|Any CPU
		{3BAC0292-9840-474A-9A9D-B357D4DC1F39}.Debug|Any CPU.Build.0 = Debug|Any CPU
		{3BAC0292-9840-474A-9A9D-B357D4DC1F39}.Release|Any CPU.ActiveCfg = Release|Any CPU
		{3BAC0292-9840-474A-9A9D-B357D4DC1F39}.Release|Any CPU.Build.0 = Release|Any CPU
		{044C92FB-F65D-4E78-AC35-1E78555AE53C}.Debug|Any CPU.ActiveCfg = Debug|Any CPU
		{044C92FB-F65D-4E78-AC35-1E78555AE53C}.Debug|Any CPU.Build.0 = Debug|Any CPU
		{044C92FB-F65D-4E78-AC35-1E78555AE53C}.Release|Any CPU.ActiveCfg = Release|Any CPU
		{044C92FB-F65D-4E78-AC35-1E78555AE53C}.Release|Any CPU.Build.0 = Release|Any CPU
	EndGlobalSection
	GlobalSection(SolutionProperties) = preSolution
		HideSolutionNode = FALSE
	EndGlobalSection
	GlobalSection(ExtensibilityGlobals) = postSolution
		SolutionGuid = {59153167-4D52-4031-98A7-71BC0293B3DF}
	EndGlobalSection
EndGlobal
